
Microsoft Visual Studio Solution File, Format Version 12.00
# Visual Studio Version 17
VisualStudioVersion = 17.8.34316.72
MinimumVisualStudioVersion = 10.0.40219.1
Project("{FAE04EC0-301F-11D3-BF4B-00C04F79EFBC}") = "TimeTriggeredFunction", "TimeTriggeredFunction.csproj", "{2BE5DC06-C2EF-4900-9807-9DC9B7F86E20}"
EndProject
Global
	GlobalSection(SolutionConfigurationPlatforms) = preSolution
		Debug|Any CPU = Debug|Any CPU
		Release|Any CPU = Release|Any CPU
	EndGlobalSection
	GlobalSection(ProjectConfigurationPlatforms) = postSolution
		{2BE5DC06-C2EF-4900-9807-9DC9B7F86E20}.Debug|Any CPU.ActiveCfg = Debug|Any CPU
		{2BE5DC06-C2EF-4900-9807-9DC9B7F86E20}.Debug|Any CPU.Build.0 = Debug|Any CPU
		{2BE5DC06-C2EF-4900-9807-9DC9B7F86E20}.Release|Any CPU.ActiveCfg = Release|Any CPU
		{2BE5DC06-C2EF-4900-9807-9DC9B7F86E20}.Release|Any CPU.Build.0 = Release|Any CPU
	EndGlobalSection
	GlobalSection(SolutionProperties) = preSolution
		HideSolutionNode = FALSE
	EndGlobalSection
	GlobalSection(ExtensibilityGlobals) = postSolution
		SolutionGuid = {0561E7AC-F3A0-41C6-ADED-64E0FED2AB42}
	EndGlobalSection
EndGlobal
