
Microsoft Visual Studio Solution File, Format Version 12.00
# Visual Studio Version 17
VisualStudioVersion = 17.8.34316.72
MinimumVisualStudioVersion = 10.0.40219.1
Project("{FAE04EC0-301F-11D3-BF4B-00C04F79EFBC}") = "DurableFunctions", "DurableFunctions.csproj", "{3A31B5C8-EAA2-4F0F-9712-DE16623EA5F3}"
EndProject
Global
	GlobalSection(SolutionConfigurationPlatforms) = preSolution
		Debug|Any CPU = Debug|Any CPU
		Release|Any CPU = Release|Any CPU
	EndGlobalSection
	GlobalSection(ProjectConfigurationPlatforms) = postSolution
		{3A31B5C8-EAA2-4F0F-9712-DE16623EA5F3}.Debug|Any CPU.ActiveCfg = Debug|Any CPU
		{3A31B5C8-EAA2-4F0F-9712-DE16623EA5F3}.Debug|Any CPU.Build.0 = Debug|Any CPU
		{3A31B5C8-EAA2-4F0F-9712-DE16623EA5F3}.Release|Any CPU.ActiveCfg = Release|Any CPU
		{3A31B5C8-EAA2-4F0F-9712-DE16623EA5F3}.Release|Any CPU.Build.0 = Release|Any CPU
	EndGlobalSection
	GlobalSection(SolutionProperties) = preSolution
		HideSolutionNode = FALSE
	EndGlobalSection
	GlobalSection(ExtensibilityGlobals) = postSolution
		SolutionGuid = {4E4759C3-056F-475D-9B54-F6D701F1114C}
	EndGlobalSection
EndGlobal
